
Microsoft Visual Studio Solution File, Format Version 12.00
# Visual Studio Version 16
VisualStudioVersion = 16.0.29306.81
MinimumVisualStudioVersion = 10.0.40219.1
Project("{9A19103F-16F7-4668-BE54-9A1E7A4F7556}") = "DBUtil.Standard", "DBUtil.Standard.csproj", "{03BEFB19-66E7-4DDD-B4E8-A0FA09D39093}"
EndProject
Global
	GlobalSection(SolutionConfigurationPlatforms) = preSolution
		Debug|Any CPU = Debug|Any CPU
		Release|Any CPU = Release|Any CPU
	EndGlobalSection
	GlobalSection(ProjectConfigurationPlatforms) = postSolution
		{03BEFB19-66E7-4DDD-B4E8-A0FA09D39093}.Debug|Any CPU.ActiveCfg = Debug|Any CPU
		{03BEFB19-66E7-4DDD-B4E8-A0FA09D39093}.Debug|Any CPU.Build.0 = Debug|Any CPU
		{03BEFB19-66E7-4DDD-B4E8-A0FA09D39093}.Release|Any CPU.ActiveCfg = Release|Any CPU
		{03BEFB19-66E7-4DDD-B4E8-A0FA09D39093}.Release|Any CPU.Build.0 = Release|Any CPU
	EndGlobalSection
	GlobalSection(SolutionProperties) = preSolution
		HideSolutionNode = FALSE
	EndGlobalSection
	GlobalSection(ExtensibilityGlobals) = postSolution
		SolutionGuid = {360D280F-53E1-4FCF-B842-3D9492F047AD}
	EndGlobalSection
EndGlobal
